
Microsoft Visual Studio Solution File, Format Version 12.00
# Visual Studio 2013
VisualStudioVersion = 12.0.30723.0
MinimumVisualStudioVersion = 10.0.40219.1
Project("{202899A3-C531-4771-9089-0213D66978AE}") = "SecurityMonitoringScopeScripts", "SecurityMonitoring\SecurityMonitoringScopeScripts.scopeproj", "{601D9273-C221-48F2-8AD2-EDD06A9DECBF}"
EndProject
Global
	GlobalSection(SolutionConfigurationPlatforms) = preSolution
		Debug|Any CPU = Debug|Any CPU
		Release|Any CPU = Release|Any CPU
	EndGlobalSection
	GlobalSection(ProjectConfigurationPlatforms) = postSolution
		{601D9273-C221-48F2-8AD2-EDD06A9DECBF}.Debug|Any CPU.ActiveCfg = Debug|Any CPU
		{601D9273-C221-48F2-8AD2-EDD06A9DECBF}.Debug|Any CPU.Build.0 = Debug|Any CPU
		{601D9273-C221-48F2-8AD2-EDD06A9DECBF}.Release|Any CPU.ActiveCfg = Release|Any CPU
		{601D9273-C221-48F2-8AD2-EDD06A9DECBF}.Release|Any CPU.Build.0 = Release|Any CPU
	EndGlobalSection
	GlobalSection(SolutionProperties) = preSolution
		HideSolutionNode = FALSE
	EndGlobalSection
EndGlobal
